
Microsoft Visual Studio Solution File, Format Version 12.00
# Visual Studio Version 16
VisualStudioVersion = 16.0.31729.503
MinimumVisualStudioVersion = 10.0.40219.1
Project("{FAE04EC0-301F-11D3-BF4B-00C04F79EFBC}") = "HexKonverter", "HexKonverter.csproj", "{16103290-E337-4149-BFC4-6C464E0ABC64}"
EndProject
Global
	GlobalSection(SolutionConfigurationPlatforms) = preSolution
		Debug|Any CPU = Debug|Any CPU
		Release|Any CPU = Release|Any CPU
	EndGlobalSection
	GlobalSection(ProjectConfigurationPlatforms) = postSolution
		{16103290-E337-4149-BFC4-6C464E0ABC64}.Debug|Any CPU.ActiveCfg = Debug|Any CPU
		{16103290-E337-4149-BFC4-6C464E0ABC64}.Debug|Any CPU.Build.0 = Debug|Any CPU
		{16103290-E337-4149-BFC4-6C464E0ABC64}.Release|Any CPU.ActiveCfg = Release|Any CPU
		{16103290-E337-4149-BFC4-6C464E0ABC64}.Release|Any CPU.Build.0 = Release|Any CPU
	EndGlobalSection
	GlobalSection(SolutionProperties) = preSolution
		HideSolutionNode = FALSE
	EndGlobalSection
	GlobalSection(ExtensibilityGlobals) = postSolution
		SolutionGuid = {B072E779-57B1-441F-8592-8C87EF98AA5D}
	EndGlobalSection
EndGlobal
